
Microsoft Visual Studio Solution File, Format Version 12.00
# Visual Studio Version 17
VisualStudioVersion = 17.4.33213.308
MinimumVisualStudioVersion = 10.0.40219.1
Project("{FAE04EC0-301F-11D3-BF4B-00C04F79EFBC}") = "PW3.1", "PW3\PW3.1.csproj", "{38392609-02E1-4920-88A1-0E6568D921A5}"
EndProject
Project("{FAE04EC0-301F-11D3-BF4B-00C04F79EFBC}") = "PW3.2", "PW3.2\PW3.2.csproj", "{5D952634-C02B-4B20-9859-0AE52B69BCF9}"
EndProject
Project("{FAE04EC0-301F-11D3-BF4B-00C04F79EFBC}") = "PW3.3", "PW3.3\PW3.3.csproj", "{73529FA6-7222-4A53-AABA-99E0DEC95142}"
EndProject
Project("{FAE04EC0-301F-11D3-BF4B-00C04F79EFBC}") = "PW3.4", "PW3.4\PW3.4.csproj", "{21306A20-DDF0-4B6D-A79F-8FA1E686B600}"
EndProject
Project("{FAE04EC0-301F-11D3-BF4B-00C04F79EFBC}") = "PW3.5", "PW3.5\PW3.5.csproj", "{6FB42454-FEFD-4D3D-B412-EBD46A937C30}"
EndProject
Project("{FAE04EC0-301F-11D3-BF4B-00C04F79EFBC}") = "PW3.6", "PW3.6\PW3.6.csproj", "{F01A491E-617A-4F26-8384-718227EE3F91}"
EndProject
Global
	GlobalSection(SolutionConfigurationPlatforms) = preSolution
		Debug|Any CPU = Debug|Any CPU
		Release|Any CPU = Release|Any CPU
	EndGlobalSection
	GlobalSection(ProjectConfigurationPlatforms) = postSolution
		{38392609-02E1-4920-88A1-0E6568D921A5}.Debug|Any CPU.ActiveCfg = Debug|Any CPU
		{38392609-02E1-4920-88A1-0E6568D921A5}.Debug|Any CPU.Build.0 = Debug|Any CPU
		{38392609-02E1-4920-88A1-0E6568D921A5}.Release|Any CPU.ActiveCfg = Release|Any CPU
		{38392609-02E1-4920-88A1-0E6568D921A5}.Release|Any CPU.Build.0 = Release|Any CPU
		{5D952634-C02B-4B20-9859-0AE52B69BCF9}.Debug|Any CPU.ActiveCfg = Debug|Any CPU
		{5D952634-C02B-4B20-9859-0AE52B69BCF9}.Debug|Any CPU.Build.0 = Debug|Any CPU
		{5D952634-C02B-4B20-9859-0AE52B69BCF9}.Release|Any CPU.ActiveCfg = Release|Any CPU
		{5D952634-C02B-4B20-9859-0AE52B69BCF9}.Release|Any CPU.Build.0 = Release|Any CPU
		{73529FA6-7222-4A53-AABA-99E0DEC95142}.Debug|Any CPU.ActiveCfg = Debug|Any CPU
		{73529FA6-7222-4A53-AABA-99E0DEC95142}.Debug|Any CPU.Build.0 = Debug|Any CPU
		{73529FA6-7222-4A53-AABA-99E0DEC95142}.Release|Any CPU.ActiveCfg = Release|Any CPU
		{73529FA6-7222-4A53-AABA-99E0DEC95142}.Release|Any CPU.Build.0 = Release|Any CPU
		{21306A20-DDF0-4B6D-A79F-8FA1E686B600}.Debug|Any CPU.ActiveCfg = Debug|Any CPU
		{21306A20-DDF0-4B6D-A79F-8FA1E686B600}.Debug|Any CPU.Build.0 = Debug|Any CPU
		{21306A20-DDF0-4B6D-A79F-8FA1E686B600}.Release|Any CPU.ActiveCfg = Release|Any CPU
		{21306A20-DDF0-4B6D-A79F-8FA1E686B600}.Release|Any CPU.Build.0 = Release|Any CPU
		{6FB42454-FEFD-4D3D-B412-EBD46A937C30}.Debug|Any CPU.ActiveCfg = Debug|Any CPU
		{6FB42454-FEFD-4D3D-B412-EBD46A937C30}.Debug|Any CPU.Build.0 = Debug|Any CPU
		{6FB42454-FEFD-4D3D-B412-EBD46A937C30}.Release|Any CPU.ActiveCfg = Release|Any CPU
		{6FB42454-FEFD-4D3D-B412-EBD46A937C30}.Release|Any CPU.Build.0 = Release|Any CPU
		{F01A491E-617A-4F26-8384-718227EE3F91}.Debug|Any CPU.ActiveCfg = Debug|Any CPU
		{F01A491E-617A-4F26-8384-718227EE3F91}.Debug|Any CPU.Build.0 = Debug|Any CPU
		{F01A491E-617A-4F26-8384-718227EE3F91}.Release|Any CPU.ActiveCfg = Release|Any CPU
		{F01A491E-617A-4F26-8384-718227EE3F91}.Release|Any CPU.Build.0 = Release|Any CPU
	EndGlobalSection
	GlobalSection(SolutionProperties) = preSolution
		HideSolutionNode = FALSE
	EndGlobalSection
	GlobalSection(ExtensibilityGlobals) = postSolution
		SolutionGuid = {B6CC7CF6-CA32-4C01-A8D7-630AF1C22FE4}
	EndGlobalSection
EndGlobal
